{
  "name": "node-blte",
  "version": "1.0.0",
  "lockfileVersion": 1,
  "requires": true,
  "dependencies": {
    "bufo": {
      "version": "1.0.4",
      "resolved": "https://registry.npmjs.org/bufo/-/bufo-1.0.4.tgz",
      "integrity": "sha512-CZ2SmB7w86s7muldvcZrhOQPtT7B7LKl+gQsAyfqH8CTCbHwXh8oavN/xoR8UiZNcdBGsFJwcsHvXH7CKZOg6g=="
    },
    "bytey": {
      "version": "1.0.1",
      "resolved": "https://registry.npmjs.org/bytey/-/bytey-1.0.1.tgz",
      "integrity": "sha512-Zor0Of+02XFHr3SqcNRScSfZbOR+8JxgmlTuv/kaCb6bLgh0T7SOOxNcm2zenjcX6L+Gk4HDc+gQYG0+DR1GYg=="
    },
    "charenc": {
      "version": "0.0.2",
      "resolved": "https://registry.npmjs.org/charenc/-/charenc-0.0.2.tgz",
      "integrity": "sha1-wKHS86cJLgN3S/qD8UwPxXkKhmc="
    },
    "crypt": {
      "version": "0.0.2",
      "resolved": "https://registry.npmjs.org/crypt/-/crypt-0.0.2.tgz",
      "integrity": "sha1-iNf/fsDfuG9xPch7u0LQRNPmxBs="
    },
    "is-buffer": {
      "version": "1.1.5",
      "resolved": "https://registry.npmjs.org/is-buffer/-/is-buffer-1.1.5.tgz",
      "integrity": "sha1-Hzsm72E7IUuIy8ojzGwB2Hlh7sw="
    },
    "md5": {
      "version": "2.2.1",
      "resolved": "https://registry.npmjs.org/md5/-/md5-2.2.1.tgz",
      "integrity": "sha1-U6s41f48iJG6RlMp6iP6wFQBJvk=",
      "requires": {
        "charenc": "0.0.2",
        "crypt": "0.0.2",
        "is-buffer": "1.1.5"
      }
    },
    "node-salsa20": {
      "version": "0.0.1",
      "resolved": "https://registry.npmjs.org/node-salsa20/-/node-salsa20-0.0.1.tgz",
      "integrity": "sha1-sU9Bi/HVJUmHKQJ+7859AUjgkjw="
    },
    "zlib": {
      "version": "1.0.5",
      "resolved": "https://registry.npmjs.org/zlib/-/zlib-1.0.5.tgz",
      "integrity": "sha1-bnyXL8NxxkWmr7A6sUdp3vEU/MA="
    }
  }
}
