{
  "name": "node-blte",
  "version": "1.1.2",
  "lockfileVersion": 1,
  "requires": true,
  "dependencies": {
    "bufo": {
      "version": "1.1.3",
      "resolved": "https://registry.npmjs.org/bufo/-/bufo-1.1.3.tgz",
      "integrity": "sha512-1B/kX93rUQXE14j1UTuxRHKJL6KFIQ8dCnz/yKcn4xTedxu9e8Cd2nOURQ46VquOoOFzO5hlY1GHsr3jsK9yUA=="
    },
    "bytey": {
      "version": "1.0.3",
      "resolved": "https://registry.npmjs.org/bytey/-/bytey-1.0.3.tgz",
      "integrity": "sha512-+8cAFG2D0zQ5yCC2oUdv0/S3sWok7r9NQ5XozSCka8Dabs1zj2bNQnkwrI2dzsXpb1phANwREk0DRKCslBQCDg=="
    },
    "charenc": {
      "version": "0.0.2",
      "resolved": "https://registry.npmjs.org/charenc/-/charenc-0.0.2.tgz",
      "integrity": "sha1-wKHS86cJLgN3S/qD8UwPxXkKhmc="
    },
    "crypt": {
      "version": "0.0.2",
      "resolved": "https://registry.npmjs.org/crypt/-/crypt-0.0.2.tgz",
      "integrity": "sha1-iNf/fsDfuG9xPch7u0LQRNPmxBs="
    },
    "is-buffer": {
      "version": "1.1.5",
      "resolved": "https://registry.npmjs.org/is-buffer/-/is-buffer-1.1.5.tgz",
      "integrity": "sha1-Hzsm72E7IUuIy8ojzGwB2Hlh7sw="
    },
    "md5": {
      "version": "2.2.1",
      "resolved": "https://registry.npmjs.org/md5/-/md5-2.2.1.tgz",
      "integrity": "sha1-U6s41f48iJG6RlMp6iP6wFQBJvk=",
      "requires": {
        "charenc": "0.0.2",
        "crypt": "0.0.2",
        "is-buffer": "1.1.5"
      }
    },
    "zlib": {
      "version": "1.0.5",
      "resolved": "https://registry.npmjs.org/zlib/-/zlib-1.0.5.tgz",
      "integrity": "sha1-bnyXL8NxxkWmr7A6sUdp3vEU/MA="
    }
  }
}
